github.com/coming-chat/go-sui v0.0.0-20221209053442-58a4bc108183 h1:LW5rvcg3yrO0XmyvxfhKANEXufj5hjKR9KdeBFGW5Rs=
github.com/coming-chat/go-sui v0.0.0-20221209053442-58a4bc108183/go.mod h1:IT0m3ZSiKSXgitJT6rMuMAlfNal4ounjryXWqoNgrd8=
github.com/coming-chat/go-sui v0.0.0-20221212075458-2e96fef608d6 h1:ZCQ5KCIG8XqXdcIjDC+8Ru1pBwa9lAEYLS29+ioZ2Fs=
github.com/coming-chat/go-sui v0.0.0-20221212075458-2e96fef608d6/go.mod h1:IT0m3ZSiKSXgitJT6rMuMAlfNal4ounjryXWqoNgrd8=
