github.com/coming-chat/go-aptos v0.0.0-20221013022715-39f91035c785 h1:xIOXIW3uXakffHoVqA6qkyUgYYuhJWLPohIyR1tBS38=
github.com/coming-chat/go-sui v0.0.0-20221212075458-2e96fef608d6 h1:ZCQ5KCIG8XqXdcIjDC+8Ru1pBwa9lAEYLS29+ioZ2Fs=
github.com/coming-chat/go-sui v0.0.0-20221212075458-2e96fef608d6/go.mod h1:IT0m3ZSiKSXgitJT6rMuMAlfNal4ounjryXWqoNgrd8=
github.com/coming-chat/go-sui v0.0.0-20230109090012-465fe388d837 h1:6C27rdxa/BGyccjSI5Jq/dn2PiwqsKCXVfVvIauJ9d8=
github.com/coming-chat/go-sui v0.0.0-20230109090012-465fe388d837/go.mod h1:IT0m3ZSiKSXgitJT6rMuMAlfNal4ounjryXWqoNgrd8=
github.com/davecgh/go-spew v1.1.1 h1:vj9j/u1bqnvCEfJOwUhtlOARqs3+rkHYY13jYWTU97c=
github.com/pmezard/go-difflib v1.0.0 h1:4DBwDE0NGyQoBHbLQYPwSUPoCMWR5BEzIk/f1lZbAQM=
github.com/stretchr/testify v1.8.0 h1:pSgiaMZlXftHpm5L7V1+rVB+AZJydKsMxsQBIJw4PKk=
github.com/tyler-smith/go-bip39 v1.1.0 h1:5eUemwrMargf3BSLRRCalXT93Ns6pQJIjYQN2nyfOP8=
golang.org/x/crypto v0.0.0-20200622213623-75b288015ac9 h1:psW17arqaxU48Z5kZ0CQnkZWQJsqcURM6tKiBApRjXI=
golang.org/x/sys v0.0.0-20190412213103-97732733099d h1:+R4KGOnez64A81RvjARKc4UT5/tI9ujCIVX+P5KiHuI=
gopkg.in/yaml.v3 v3.0.1 h1:fxVm/GzAzEWqLHuvctI91KS9hhNmmWOoWu0XTYJS7CA=
