github.com/coming-chat/go-aptos v0.0.0-20221013022715-39f91035c785 h1:xIOXIW3uXakffHoVqA6qkyUgYYuhJWLPohIyR1tBS38=
github.com/coming-chat/go-sui v0.0.0-20230220063623-51e908f955c7 h1:YQNXdKaWA7cVcL+ja/5xvmmMtXMbUQ2N6WX205uvvi8=
github.com/coming-chat/go-sui v0.0.0-20230220063623-51e908f955c7/go.mod h1:D3s+A1WjI5fg/htr/F1OR72+MGEFFtMoheufXfMDDPA=
github.com/coming-chat/go-sui v0.0.0-20230221023111-4f05c45746fc h1:GXL63hdhRY/KSa9d7YfFrEnTUw64xOFCb+TfayF3yCk=
github.com/coming-chat/go-sui v0.0.0-20230221023111-4f05c45746fc/go.mod h1:D3s+A1WjI5fg/htr/F1OR72+MGEFFtMoheufXfMDDPA=
github.com/davecgh/go-spew v1.1.1 h1:vj9j/u1bqnvCEfJOwUhtlOARqs3+rkHYY13jYWTU97c=
github.com/fardream/go-bcs v0.2.1 h1:ffW/0Jr0b2WXLNPF8AX6wWI9ETVE4+aXkv2aIXVViwE=
github.com/fardream/go-bcs v0.2.1/go.mod h1:UsoxhIoe2GsVexX0s5NDLIChxeb/JUbjw7IWzzgF3Xk=
github.com/pmezard/go-difflib v1.0.0 h1:4DBwDE0NGyQoBHbLQYPwSUPoCMWR5BEzIk/f1lZbAQM=
github.com/stretchr/testify v1.8.0 h1:pSgiaMZlXftHpm5L7V1+rVB+AZJydKsMxsQBIJw4PKk=
github.com/tyler-smith/go-bip39 v1.1.0 h1:5eUemwrMargf3BSLRRCalXT93Ns6pQJIjYQN2nyfOP8=
golang.org/x/crypto v0.0.0-20200622213623-75b288015ac9 h1:psW17arqaxU48Z5kZ0CQnkZWQJsqcURM6tKiBApRjXI=
golang.org/x/sys v0.0.0-20190412213103-97732733099d h1:+R4KGOnez64A81RvjARKc4UT5/tI9ujCIVX+P5KiHuI=
gopkg.in/yaml.v3 v3.0.1 h1:fxVm/GzAzEWqLHuvctI91KS9hhNmmWOoWu0XTYJS7CA=
